
Microsoft Visual Studio Solution File, Format Version 12.00
# Visual Studio 15
VisualStudioVersion = 15.0.28010.2048
MinimumVisualStudioVersion = 10.0.40219.1
Project("{FAE04EC0-301F-11D3-BF4B-00C04F79EFBC}") = "Hafta2Gun4", "Hafta2Gun4\Hafta2Gun4.csproj", "{7E072E9F-BD05-4FC0-A0C1-A1F7B674DFF9}"
EndProject
Project("{FAE04EC0-301F-11D3-BF4B-00C04F79EFBC}") = "Hafta2Gun4Part2", "Hafta2Gun4Part2\Hafta2Gun4Part2.csproj", "{88486278-BC9A-4CC5-B697-96797B36EA55}"
EndProject
Project("{FAE04EC0-301F-11D3-BF4B-00C04F79EFBC}") = "Hafta2Gun4Part3", "Hafta2Gun4Part3\Hafta2Gun4Part3.csproj", "{8769D133-6E05-4DF7-9B7E-43B0AFB90E71}"
EndProject
Global
	GlobalSection(SolutionConfigurationPlatforms) = preSolution
		Debug|Any CPU = Debug|Any CPU
		Release|Any CPU = Release|Any CPU
	EndGlobalSection
	GlobalSection(ProjectConfigurationPlatforms) = postSolution
		{7E072E9F-BD05-4FC0-A0C1-A1F7B674DFF9}.Debug|Any CPU.ActiveCfg = Debug|Any CPU
		{7E072E9F-BD05-4FC0-A0C1-A1F7B674DFF9}.Debug|Any CPU.Build.0 = Debug|Any CPU
		{7E072E9F-BD05-4FC0-A0C1-A1F7B674DFF9}.Release|Any CPU.ActiveCfg = Release|Any CPU
		{7E072E9F-BD05-4FC0-A0C1-A1F7B674DFF9}.Release|Any CPU.Build.0 = Release|Any CPU
		{88486278-BC9A-4CC5-B697-96797B36EA55}.Debug|Any CPU.ActiveCfg = Debug|Any CPU
		{88486278-BC9A-4CC5-B697-96797B36EA55}.Debug|Any CPU.Build.0 = Debug|Any CPU
		{88486278-BC9A-4CC5-B697-96797B36EA55}.Release|Any CPU.ActiveCfg = Release|Any CPU
		{88486278-BC9A-4CC5-B697-96797B36EA55}.Release|Any CPU.Build.0 = Release|Any CPU
		{8769D133-6E05-4DF7-9B7E-43B0AFB90E71}.Debug|Any CPU.ActiveCfg = Debug|Any CPU
		{8769D133-6E05-4DF7-9B7E-43B0AFB90E71}.Debug|Any CPU.Build.0 = Debug|Any CPU
		{8769D133-6E05-4DF7-9B7E-43B0AFB90E71}.Release|Any CPU.ActiveCfg = Release|Any CPU
		{8769D133-6E05-4DF7-9B7E-43B0AFB90E71}.Release|Any CPU.Build.0 = Release|Any CPU
	EndGlobalSection
	GlobalSection(SolutionProperties) = preSolution
		HideSolutionNode = FALSE
	EndGlobalSection
	GlobalSection(ExtensibilityGlobals) = postSolution
		SolutionGuid = {48FC4F4C-0294-4D7C-9B87-42ED495ED058}
	EndGlobalSection
EndGlobal
