
Microsoft Visual Studio Solution File, Format Version 12.00
# Visual Studio 15
VisualStudioVersion = 15.0.28010.2048
MinimumVisualStudioVersion = 10.0.40219.1
Project("{FAE04EC0-301F-11D3-BF4B-00C04F79EFBC}") = "Concat", "Concat\Concat.csproj", "{090A4C3B-F65E-4384-B12C-647D9AFBC053}"
EndProject
Project("{FAE04EC0-301F-11D3-BF4B-00C04F79EFBC}") = "FakeData", "FakeData\FakeData.csproj", "{4065B016-C8EA-4528-9D6A-0417B6B91BFA}"
EndProject
Project("{FAE04EC0-301F-11D3-BF4B-00C04F79EFBC}") = "Concat2", "Concat2\Concat2.csproj", "{06110540-4FB1-49E0-92D8-DAE538E6643C}"
EndProject
Project("{FAE04EC0-301F-11D3-BF4B-00C04F79EFBC}") = "SequenceEqual", "SequenceEqual\SequenceEqual.csproj", "{FB11DF78-A736-4276-857A-58DF0E59C313}"
EndProject
Global
	GlobalSection(SolutionConfigurationPlatforms) = preSolution
		Debug|Any CPU = Debug|Any CPU
		Release|Any CPU = Release|Any CPU
	EndGlobalSection
	GlobalSection(ProjectConfigurationPlatforms) = postSolution
		{090A4C3B-F65E-4384-B12C-647D9AFBC053}.Debug|Any CPU.ActiveCfg = Debug|Any CPU
		{090A4C3B-F65E-4384-B12C-647D9AFBC053}.Debug|Any CPU.Build.0 = Debug|Any CPU
		{090A4C3B-F65E-4384-B12C-647D9AFBC053}.Release|Any CPU.ActiveCfg = Release|Any CPU
		{090A4C3B-F65E-4384-B12C-647D9AFBC053}.Release|Any CPU.Build.0 = Release|Any CPU
		{4065B016-C8EA-4528-9D6A-0417B6B91BFA}.Debug|Any CPU.ActiveCfg = Debug|Any CPU
		{4065B016-C8EA-4528-9D6A-0417B6B91BFA}.Debug|Any CPU.Build.0 = Debug|Any CPU
		{4065B016-C8EA-4528-9D6A-0417B6B91BFA}.Release|Any CPU.ActiveCfg = Release|Any CPU
		{4065B016-C8EA-4528-9D6A-0417B6B91BFA}.Release|Any CPU.Build.0 = Release|Any CPU
		{06110540-4FB1-49E0-92D8-DAE538E6643C}.Debug|Any CPU.ActiveCfg = Debug|Any CPU
		{06110540-4FB1-49E0-92D8-DAE538E6643C}.Debug|Any CPU.Build.0 = Debug|Any CPU
		{06110540-4FB1-49E0-92D8-DAE538E6643C}.Release|Any CPU.ActiveCfg = Release|Any CPU
		{06110540-4FB1-49E0-92D8-DAE538E6643C}.Release|Any CPU.Build.0 = Release|Any CPU
		{FB11DF78-A736-4276-857A-58DF0E59C313}.Debug|Any CPU.ActiveCfg = Debug|Any CPU
		{FB11DF78-A736-4276-857A-58DF0E59C313}.Debug|Any CPU.Build.0 = Debug|Any CPU
		{FB11DF78-A736-4276-857A-58DF0E59C313}.Release|Any CPU.ActiveCfg = Release|Any CPU
		{FB11DF78-A736-4276-857A-58DF0E59C313}.Release|Any CPU.Build.0 = Release|Any CPU
	EndGlobalSection
	GlobalSection(SolutionProperties) = preSolution
		HideSolutionNode = FALSE
	EndGlobalSection
	GlobalSection(ExtensibilityGlobals) = postSolution
		SolutionGuid = {3D5C21B8-1345-4B4A-9AEE-BACC13D3B2D2}
	EndGlobalSection
EndGlobal
