
Microsoft Visual Studio Solution File, Format Version 12.00
# Visual Studio 15
VisualStudioVersion = 15.0.28010.2048
MinimumVisualStudioVersion = 10.0.40219.1
Project("{FAE04EC0-301F-11D3-BF4B-00C04F79EFBC}") = "BillingProject", "BillingProject\BillingProject.csproj", "{253AB0AB-9E68-4055-BD6E-075520864C0D}"
EndProject
Global
	GlobalSection(SolutionConfigurationPlatforms) = preSolution
		Debug|Any CPU = Debug|Any CPU
		Release|Any CPU = Release|Any CPU
	EndGlobalSection
	GlobalSection(ProjectConfigurationPlatforms) = postSolution
		{253AB0AB-9E68-4055-BD6E-075520864C0D}.Debug|Any CPU.ActiveCfg = Debug|Any CPU
		{253AB0AB-9E68-4055-BD6E-075520864C0D}.Debug|Any CPU.Build.0 = Debug|Any CPU
		{253AB0AB-9E68-4055-BD6E-075520864C0D}.Release|Any CPU.ActiveCfg = Release|Any CPU
		{253AB0AB-9E68-4055-BD6E-075520864C0D}.Release|Any CPU.Build.0 = Release|Any CPU
	EndGlobalSection
	GlobalSection(SolutionProperties) = preSolution
		HideSolutionNode = FALSE
	EndGlobalSection
	GlobalSection(ExtensibilityGlobals) = postSolution
		SolutionGuid = {B5863AF0-2427-4310-B667-2AC4D23B05C2}
	EndGlobalSection
EndGlobal
