
Microsoft Visual Studio Solution File, Format Version 12.00
# Visual Studio 15
VisualStudioVersion = 15.0.28010.2048
MinimumVisualStudioVersion = 10.0.40219.1
Project("{FAE04EC0-301F-11D3-BF4B-00C04F79EFBC}") = "Muhasebe", "Muhasebe\Muhasebe.csproj", "{6AC2B6D8-7DB3-4805-8433-438FCE6B1EBC}"
EndProject
Global
	GlobalSection(SolutionConfigurationPlatforms) = preSolution
		Debug|Any CPU = Debug|Any CPU
		Release|Any CPU = Release|Any CPU
	EndGlobalSection
	GlobalSection(ProjectConfigurationPlatforms) = postSolution
		{6AC2B6D8-7DB3-4805-8433-438FCE6B1EBC}.Debug|Any CPU.ActiveCfg = Debug|Any CPU
		{6AC2B6D8-7DB3-4805-8433-438FCE6B1EBC}.Debug|Any CPU.Build.0 = Debug|Any CPU
		{6AC2B6D8-7DB3-4805-8433-438FCE6B1EBC}.Release|Any CPU.ActiveCfg = Release|Any CPU
		{6AC2B6D8-7DB3-4805-8433-438FCE6B1EBC}.Release|Any CPU.Build.0 = Release|Any CPU
	EndGlobalSection
	GlobalSection(SolutionProperties) = preSolution
		HideSolutionNode = FALSE
	EndGlobalSection
	GlobalSection(ExtensibilityGlobals) = postSolution
		SolutionGuid = {E4FD4F41-CF44-4973-9D7A-CB4B48FADD8D}
	EndGlobalSection
EndGlobal
