
Microsoft Visual Studio Solution File, Format Version 12.00
# Visual Studio 15
VisualStudioVersion = 15.0.28010.2048
MinimumVisualStudioVersion = 10.0.40219.1
Project("{FAE04EC0-301F-11D3-BF4B-00C04F79EFBC}") = "Grup5_OOP", "Grup5_OOP\Grup5_OOP.csproj", "{89023C06-45E8-499F-B828-6C22EE4484F4}"
EndProject
Global
	GlobalSection(SolutionConfigurationPlatforms) = preSolution
		Debug|Any CPU = Debug|Any CPU
		Release|Any CPU = Release|Any CPU
	EndGlobalSection
	GlobalSection(ProjectConfigurationPlatforms) = postSolution
		{89023C06-45E8-499F-B828-6C22EE4484F4}.Debug|Any CPU.ActiveCfg = Debug|Any CPU
		{89023C06-45E8-499F-B828-6C22EE4484F4}.Debug|Any CPU.Build.0 = Debug|Any CPU
		{89023C06-45E8-499F-B828-6C22EE4484F4}.Release|Any CPU.ActiveCfg = Release|Any CPU
		{89023C06-45E8-499F-B828-6C22EE4484F4}.Release|Any CPU.Build.0 = Release|Any CPU
	EndGlobalSection
	GlobalSection(SolutionProperties) = preSolution
		HideSolutionNode = FALSE
	EndGlobalSection
	GlobalSection(ExtensibilityGlobals) = postSolution
		SolutionGuid = {206E2556-062F-4672-9DE7-2A397B8246EC}
	EndGlobalSection
EndGlobal
