
Microsoft Visual Studio Solution File, Format Version 12.00
# Visual Studio 15
VisualStudioVersion = 15.0.28010.2048
MinimumVisualStudioVersion = 10.0.40219.1
Project("{FAE04EC0-301F-11D3-BF4B-00C04F79EFBC}") = "Hafta3Gun4", "Hafta3Gun4\Hafta3Gun4.csproj", "{CFCFDB50-A46F-4FB7-B536-4552EA976347}"
EndProject
Project("{FAE04EC0-301F-11D3-BF4B-00C04F79EFBC}") = "Hafta3Gun4Part2", "..\Haftta3Gun3\Hafta3Gun4Part2\Hafta3Gun4Part2.csproj", "{4E7D9538-1537-4272-B900-F03361554C97}"
EndProject
Global
	GlobalSection(SolutionConfigurationPlatforms) = preSolution
		Debug|Any CPU = Debug|Any CPU
		Release|Any CPU = Release|Any CPU
	EndGlobalSection
	GlobalSection(ProjectConfigurationPlatforms) = postSolution
		{CFCFDB50-A46F-4FB7-B536-4552EA976347}.Debug|Any CPU.ActiveCfg = Debug|Any CPU
		{CFCFDB50-A46F-4FB7-B536-4552EA976347}.Debug|Any CPU.Build.0 = Debug|Any CPU
		{CFCFDB50-A46F-4FB7-B536-4552EA976347}.Release|Any CPU.ActiveCfg = Release|Any CPU
		{CFCFDB50-A46F-4FB7-B536-4552EA976347}.Release|Any CPU.Build.0 = Release|Any CPU
		{4E7D9538-1537-4272-B900-F03361554C97}.Debug|Any CPU.ActiveCfg = Debug|Any CPU
		{4E7D9538-1537-4272-B900-F03361554C97}.Debug|Any CPU.Build.0 = Debug|Any CPU
		{4E7D9538-1537-4272-B900-F03361554C97}.Release|Any CPU.ActiveCfg = Release|Any CPU
		{4E7D9538-1537-4272-B900-F03361554C97}.Release|Any CPU.Build.0 = Release|Any CPU
	EndGlobalSection
	GlobalSection(SolutionProperties) = preSolution
		HideSolutionNode = FALSE
	EndGlobalSection
	GlobalSection(ExtensibilityGlobals) = postSolution
		SolutionGuid = {86A6A339-2886-4D6B-81E6-0F16D1DB5C92}
	EndGlobalSection
EndGlobal
