
Microsoft Visual Studio Solution File, Format Version 12.00
# Visual Studio 15
VisualStudioVersion = 15.0.28307.136
MinimumVisualStudioVersion = 10.0.40219.1
Project("{FAE04EC0-301F-11D3-BF4B-00C04F79EFBC}") = "EnumExamples", "EnumExamples\EnumExamples.csproj", "{F6ACB784-841B-4500-8FF3-694816DB0114}"
EndProject
Global
	GlobalSection(SolutionConfigurationPlatforms) = preSolution
		Debug|Any CPU = Debug|Any CPU
		Release|Any CPU = Release|Any CPU
	EndGlobalSection
	GlobalSection(ProjectConfigurationPlatforms) = postSolution
		{F6ACB784-841B-4500-8FF3-694816DB0114}.Debug|Any CPU.ActiveCfg = Debug|Any CPU
		{F6ACB784-841B-4500-8FF3-694816DB0114}.Debug|Any CPU.Build.0 = Debug|Any CPU
		{F6ACB784-841B-4500-8FF3-694816DB0114}.Release|Any CPU.ActiveCfg = Release|Any CPU
		{F6ACB784-841B-4500-8FF3-694816DB0114}.Release|Any CPU.Build.0 = Release|Any CPU
	EndGlobalSection
	GlobalSection(SolutionProperties) = preSolution
		HideSolutionNode = FALSE
	EndGlobalSection
	GlobalSection(ExtensibilityGlobals) = postSolution
		SolutionGuid = {24EA6B47-06E7-4310-B849-F41B533EACA3}
	EndGlobalSection
EndGlobal
