
Microsoft Visual Studio Solution File, Format Version 12.00
# Visual Studio 15
VisualStudioVersion = 15.0.28010.2048
MinimumVisualStudioVersion = 10.0.40219.1
Project("{FAE04EC0-301F-11D3-BF4B-00C04F79EFBC}") = "WordGame", "WordGame\WordGame.csproj", "{746ED888-49B0-42C0-A3CC-8CBBEFF757B1}"
EndProject
Global
	GlobalSection(SolutionConfigurationPlatforms) = preSolution
		Debug|Any CPU = Debug|Any CPU
		Release|Any CPU = Release|Any CPU
	EndGlobalSection
	GlobalSection(ProjectConfigurationPlatforms) = postSolution
		{746ED888-49B0-42C0-A3CC-8CBBEFF757B1}.Debug|Any CPU.ActiveCfg = Debug|Any CPU
		{746ED888-49B0-42C0-A3CC-8CBBEFF757B1}.Debug|Any CPU.Build.0 = Debug|Any CPU
		{746ED888-49B0-42C0-A3CC-8CBBEFF757B1}.Release|Any CPU.ActiveCfg = Release|Any CPU
		{746ED888-49B0-42C0-A3CC-8CBBEFF757B1}.Release|Any CPU.Build.0 = Release|Any CPU
	EndGlobalSection
	GlobalSection(SolutionProperties) = preSolution
		HideSolutionNode = FALSE
	EndGlobalSection
	GlobalSection(ExtensibilityGlobals) = postSolution
		SolutionGuid = {875B9F41-00E3-45AB-AAA4-6C5A899870A7}
	EndGlobalSection
EndGlobal
