
Microsoft Visual Studio Solution File, Format Version 12.00
# Visual Studio 15
VisualStudioVersion = 15.0.27428.2015
MinimumVisualStudioVersion = 10.0.40219.1
Project("{FAE04EC0-301F-11D3-BF4B-00C04F79EFBC}") = "CaprazBirlestirme_CrossJoin", "CaprazBirlestirme_CrossJoin\CaprazBirlestirme_CrossJoin.csproj", "{9E9EF9CB-DA8F-48A3-9D5B-5D899185FF32}"
EndProject
Project("{FAE04EC0-301F-11D3-BF4B-00C04F79EFBC}") = "CaprazBirlestirmeveGrupBirlestirmesi", "CaprazBirlestirmeveGrupBirlestirmesi\CaprazBirlestirmeveGrupBirlestirmesi.csproj", "{C2B4C683-49C6-4103-8EE5-79C88F156A31}"
EndProject
Project("{FAE04EC0-301F-11D3-BF4B-00C04F79EFBC}") = "JoinIleGruplarOlusturma", "JoinIleGruplarOlusturma\JoinIleGruplarOlusturma.csproj", "{4046B7B7-6A88-4B4E-A0CB-C4BCFDE3B088}"
EndProject
Project("{FAE04EC0-301F-11D3-BF4B-00C04F79EFBC}") = "JoinIleKalanlarDahilBirletirme-LeftOuterJoin", "JoinIleKalanlarDahilBirletirme-LeftOuterJoin\JoinIleKalanlarDahilBirletirme-LeftOuterJoin.csproj", "{552396C8-7DFA-4178-9E17-B97910A6D323}"
EndProject
Project("{FAE04EC0-301F-11D3-BF4B-00C04F79EFBC}") = "ClassLibrary1", "ClassLibrary1\ClassLibrary1.csproj", "{57969938-7E17-410C-A846-B5546B2956D8}"
EndProject
Global
	GlobalSection(SolutionConfigurationPlatforms) = preSolution
		Debug|Any CPU = Debug|Any CPU
		Release|Any CPU = Release|Any CPU
	EndGlobalSection
	GlobalSection(ProjectConfigurationPlatforms) = postSolution
		{9E9EF9CB-DA8F-48A3-9D5B-5D899185FF32}.Debug|Any CPU.ActiveCfg = Debug|Any CPU
		{9E9EF9CB-DA8F-48A3-9D5B-5D899185FF32}.Debug|Any CPU.Build.0 = Debug|Any CPU
		{9E9EF9CB-DA8F-48A3-9D5B-5D899185FF32}.Release|Any CPU.ActiveCfg = Release|Any CPU
		{9E9EF9CB-DA8F-48A3-9D5B-5D899185FF32}.Release|Any CPU.Build.0 = Release|Any CPU
		{C2B4C683-49C6-4103-8EE5-79C88F156A31}.Debug|Any CPU.ActiveCfg = Debug|Any CPU
		{C2B4C683-49C6-4103-8EE5-79C88F156A31}.Debug|Any CPU.Build.0 = Debug|Any CPU
		{C2B4C683-49C6-4103-8EE5-79C88F156A31}.Release|Any CPU.ActiveCfg = Release|Any CPU
		{C2B4C683-49C6-4103-8EE5-79C88F156A31}.Release|Any CPU.Build.0 = Release|Any CPU
		{4046B7B7-6A88-4B4E-A0CB-C4BCFDE3B088}.Debug|Any CPU.ActiveCfg = Debug|Any CPU
		{4046B7B7-6A88-4B4E-A0CB-C4BCFDE3B088}.Debug|Any CPU.Build.0 = Debug|Any CPU
		{4046B7B7-6A88-4B4E-A0CB-C4BCFDE3B088}.Release|Any CPU.ActiveCfg = Release|Any CPU
		{4046B7B7-6A88-4B4E-A0CB-C4BCFDE3B088}.Release|Any CPU.Build.0 = Release|Any CPU
		{552396C8-7DFA-4178-9E17-B97910A6D323}.Debug|Any CPU.ActiveCfg = Debug|Any CPU
		{552396C8-7DFA-4178-9E17-B97910A6D323}.Debug|Any CPU.Build.0 = Debug|Any CPU
		{552396C8-7DFA-4178-9E17-B97910A6D323}.Release|Any CPU.ActiveCfg = Release|Any CPU
		{552396C8-7DFA-4178-9E17-B97910A6D323}.Release|Any CPU.Build.0 = Release|Any CPU
		{57969938-7E17-410C-A846-B5546B2956D8}.Debug|Any CPU.ActiveCfg = Debug|Any CPU
		{57969938-7E17-410C-A846-B5546B2956D8}.Debug|Any CPU.Build.0 = Debug|Any CPU
		{57969938-7E17-410C-A846-B5546B2956D8}.Release|Any CPU.ActiveCfg = Release|Any CPU
		{57969938-7E17-410C-A846-B5546B2956D8}.Release|Any CPU.Build.0 = Release|Any CPU
	EndGlobalSection
	GlobalSection(SolutionProperties) = preSolution
		HideSolutionNode = FALSE
	EndGlobalSection
	GlobalSection(ExtensibilityGlobals) = postSolution
		SolutionGuid = {A091EB4A-C310-40E6-B8D2-0493768FE3A6}
	EndGlobalSection
EndGlobal
