
Microsoft Visual Studio Solution File, Format Version 12.00
# Visual Studio 15
VisualStudioVersion = 15.0.28010.2048
MinimumVisualStudioVersion = 10.0.40219.1
Project("{FAE04EC0-301F-11D3-BF4B-00C04F79EFBC}") = "Hafta4Gun3", "Hafta4Gun3\Hafta4Gun3.csproj", "{2911EBE3-FA79-434E-93AB-03F298C3E836}"
EndProject
Project("{FAE04EC0-301F-11D3-BF4B-00C04F79EFBC}") = "Hafta4Gun3Part2", "Hafta4Gun3Part2\Hafta4Gun3Part2.csproj", "{ED3C8854-886F-47F3-8B4B-1DF2D3092C90}"
EndProject
Project("{FAE04EC0-301F-11D3-BF4B-00C04F79EFBC}") = "Hafta4Gun3Part3", "Hafta4Gun3Part3\Hafta4Gun3Part3.csproj", "{390F1A48-4906-4444-985D-75D882571355}"
EndProject
Project("{FAE04EC0-301F-11D3-BF4B-00C04F79EFBC}") = "Hafta4Gun3Part4", "Hafta4Gun3Part4\Hafta4Gun3Part4.csproj", "{77AD7337-0E51-4CF6-90AA-6A8E592054EE}"
EndProject
Project("{FAE04EC0-301F-11D3-BF4B-00C04F79EFBC}") = "Hafta4Gun3Part5", "Hafta4Gun3Part5\Hafta4Gun3Part5.csproj", "{395C0B1D-9F7A-4427-AC1E-1E12A44EBB73}"
EndProject
Global
	GlobalSection(SolutionConfigurationPlatforms) = preSolution
		Debug|Any CPU = Debug|Any CPU
		Release|Any CPU = Release|Any CPU
	EndGlobalSection
	GlobalSection(ProjectConfigurationPlatforms) = postSolution
		{2911EBE3-FA79-434E-93AB-03F298C3E836}.Debug|Any CPU.ActiveCfg = Debug|Any CPU
		{2911EBE3-FA79-434E-93AB-03F298C3E836}.Debug|Any CPU.Build.0 = Debug|Any CPU
		{2911EBE3-FA79-434E-93AB-03F298C3E836}.Release|Any CPU.ActiveCfg = Release|Any CPU
		{2911EBE3-FA79-434E-93AB-03F298C3E836}.Release|Any CPU.Build.0 = Release|Any CPU
		{ED3C8854-886F-47F3-8B4B-1DF2D3092C90}.Debug|Any CPU.ActiveCfg = Debug|Any CPU
		{ED3C8854-886F-47F3-8B4B-1DF2D3092C90}.Debug|Any CPU.Build.0 = Debug|Any CPU
		{ED3C8854-886F-47F3-8B4B-1DF2D3092C90}.Release|Any CPU.ActiveCfg = Release|Any CPU
		{ED3C8854-886F-47F3-8B4B-1DF2D3092C90}.Release|Any CPU.Build.0 = Release|Any CPU
		{390F1A48-4906-4444-985D-75D882571355}.Debug|Any CPU.ActiveCfg = Debug|Any CPU
		{390F1A48-4906-4444-985D-75D882571355}.Debug|Any CPU.Build.0 = Debug|Any CPU
		{390F1A48-4906-4444-985D-75D882571355}.Release|Any CPU.ActiveCfg = Release|Any CPU
		{390F1A48-4906-4444-985D-75D882571355}.Release|Any CPU.Build.0 = Release|Any CPU
		{77AD7337-0E51-4CF6-90AA-6A8E592054EE}.Debug|Any CPU.ActiveCfg = Debug|Any CPU
		{77AD7337-0E51-4CF6-90AA-6A8E592054EE}.Debug|Any CPU.Build.0 = Debug|Any CPU
		{77AD7337-0E51-4CF6-90AA-6A8E592054EE}.Release|Any CPU.ActiveCfg = Release|Any CPU
		{77AD7337-0E51-4CF6-90AA-6A8E592054EE}.Release|Any CPU.Build.0 = Release|Any CPU
		{395C0B1D-9F7A-4427-AC1E-1E12A44EBB73}.Debug|Any CPU.ActiveCfg = Debug|Any CPU
		{395C0B1D-9F7A-4427-AC1E-1E12A44EBB73}.Debug|Any CPU.Build.0 = Debug|Any CPU
		{395C0B1D-9F7A-4427-AC1E-1E12A44EBB73}.Release|Any CPU.ActiveCfg = Release|Any CPU
		{395C0B1D-9F7A-4427-AC1E-1E12A44EBB73}.Release|Any CPU.Build.0 = Release|Any CPU
	EndGlobalSection
	GlobalSection(SolutionProperties) = preSolution
		HideSolutionNode = FALSE
	EndGlobalSection
	GlobalSection(ExtensibilityGlobals) = postSolution
		SolutionGuid = {FCEDBD8E-4382-44E7-94EE-D02DC5881F7B}
	EndGlobalSection
EndGlobal
