
Microsoft Visual Studio Solution File, Format Version 12.00
# Visual Studio 15
VisualStudioVersion = 15.0.28010.2048
MinimumVisualStudioVersion = 10.0.40219.1
Project("{FAE04EC0-301F-11D3-BF4B-00C04F79EFBC}") = "CodeFirst", "CodeFirst\CodeFirst.csproj", "{3B1EFA13-55F7-416F-BF2F-DB0ABE1DB9AB}"
EndProject
Global
	GlobalSection(SolutionConfigurationPlatforms) = preSolution
		Debug|Any CPU = Debug|Any CPU
		Release|Any CPU = Release|Any CPU
	EndGlobalSection
	GlobalSection(ProjectConfigurationPlatforms) = postSolution
		{3B1EFA13-55F7-416F-BF2F-DB0ABE1DB9AB}.Debug|Any CPU.ActiveCfg = Debug|Any CPU
		{3B1EFA13-55F7-416F-BF2F-DB0ABE1DB9AB}.Debug|Any CPU.Build.0 = Debug|Any CPU
		{3B1EFA13-55F7-416F-BF2F-DB0ABE1DB9AB}.Release|Any CPU.ActiveCfg = Release|Any CPU
		{3B1EFA13-55F7-416F-BF2F-DB0ABE1DB9AB}.Release|Any CPU.Build.0 = Release|Any CPU
	EndGlobalSection
	GlobalSection(SolutionProperties) = preSolution
		HideSolutionNode = FALSE
	EndGlobalSection
	GlobalSection(ExtensibilityGlobals) = postSolution
		SolutionGuid = {22B57A7B-51B1-4F49-A83B-E0DCC49AB37C}
	EndGlobalSection
EndGlobal
