
Microsoft Visual Studio Solution File, Format Version 12.00
# Visual Studio 15
VisualStudioVersion = 15.0.28010.2048
MinimumVisualStudioVersion = 10.0.40219.1
Project("{FAE04EC0-301F-11D3-BF4B-00C04F79EFBC}") = "ButikOtelRezervasyonu3", "ButikOtelRezervasyonu3.csproj", "{B79A5282-5BAD-4555-8221-AC60838F001A}"
EndProject
Global
	GlobalSection(SolutionConfigurationPlatforms) = preSolution
		Debug|Any CPU = Debug|Any CPU
		Release|Any CPU = Release|Any CPU
	EndGlobalSection
	GlobalSection(ProjectConfigurationPlatforms) = postSolution
		{B79A5282-5BAD-4555-8221-AC60838F001A}.Debug|Any CPU.ActiveCfg = Debug|Any CPU
		{B79A5282-5BAD-4555-8221-AC60838F001A}.Debug|Any CPU.Build.0 = Debug|Any CPU
		{B79A5282-5BAD-4555-8221-AC60838F001A}.Release|Any CPU.ActiveCfg = Release|Any CPU
		{B79A5282-5BAD-4555-8221-AC60838F001A}.Release|Any CPU.Build.0 = Release|Any CPU
	EndGlobalSection
	GlobalSection(SolutionProperties) = preSolution
		HideSolutionNode = FALSE
	EndGlobalSection
	GlobalSection(ExtensibilityGlobals) = postSolution
		SolutionGuid = {673B542C-8D65-466E-880A-445BA70D958C}
	EndGlobalSection
EndGlobal
