
Microsoft Visual Studio Solution File, Format Version 12.00
# Visual Studio 15
VisualStudioVersion = 15.0.28010.2048
MinimumVisualStudioVersion = 10.0.40219.1
Project("{FAE04EC0-301F-11D3-BF4B-00C04F79EFBC}") = "GubreliSu", "GubreliSu\GubreliSu.csproj", "{21AE68E5-8151-4B96-8CE2-FB3F80EF307F}"
EndProject
Global
	GlobalSection(SolutionConfigurationPlatforms) = preSolution
		Debug|Any CPU = Debug|Any CPU
		Release|Any CPU = Release|Any CPU
	EndGlobalSection
	GlobalSection(ProjectConfigurationPlatforms) = postSolution
		{21AE68E5-8151-4B96-8CE2-FB3F80EF307F}.Debug|Any CPU.ActiveCfg = Debug|Any CPU
		{21AE68E5-8151-4B96-8CE2-FB3F80EF307F}.Debug|Any CPU.Build.0 = Debug|Any CPU
		{21AE68E5-8151-4B96-8CE2-FB3F80EF307F}.Release|Any CPU.ActiveCfg = Release|Any CPU
		{21AE68E5-8151-4B96-8CE2-FB3F80EF307F}.Release|Any CPU.Build.0 = Release|Any CPU
	EndGlobalSection
	GlobalSection(SolutionProperties) = preSolution
		HideSolutionNode = FALSE
	EndGlobalSection
	GlobalSection(ExtensibilityGlobals) = postSolution
		SolutionGuid = {B27FAA7F-0527-4491-A32E-02438BBF8B99}
	EndGlobalSection
EndGlobal
