
Microsoft Visual Studio Solution File, Format Version 12.00
# Visual Studio 15
VisualStudioVersion = 15.0.28010.2048
MinimumVisualStudioVersion = 10.0.40219.1
Project("{FAE04EC0-301F-11D3-BF4B-00C04F79EFBC}") = "NorthWind.UI", "NorthWind.UI\NorthWind.UI.csproj", "{B8933123-280B-4821-862A-C480D82A4E1E}"
EndProject
Project("{FAE04EC0-301F-11D3-BF4B-00C04F79EFBC}") = "NorthWind.ORM", "NortWind.ORM\NorthWind.ORM.csproj", "{6E5956ED-5FCF-415A-BCAE-04454727D617}"
EndProject
Global
	GlobalSection(SolutionConfigurationPlatforms) = preSolution
		Debug|Any CPU = Debug|Any CPU
		Release|Any CPU = Release|Any CPU
	EndGlobalSection
	GlobalSection(ProjectConfigurationPlatforms) = postSolution
		{B8933123-280B-4821-862A-C480D82A4E1E}.Debug|Any CPU.ActiveCfg = Debug|Any CPU
		{B8933123-280B-4821-862A-C480D82A4E1E}.Debug|Any CPU.Build.0 = Debug|Any CPU
		{B8933123-280B-4821-862A-C480D82A4E1E}.Release|Any CPU.ActiveCfg = Release|Any CPU
		{B8933123-280B-4821-862A-C480D82A4E1E}.Release|Any CPU.Build.0 = Release|Any CPU
		{6E5956ED-5FCF-415A-BCAE-04454727D617}.Debug|Any CPU.ActiveCfg = Debug|Any CPU
		{6E5956ED-5FCF-415A-BCAE-04454727D617}.Debug|Any CPU.Build.0 = Debug|Any CPU
		{6E5956ED-5FCF-415A-BCAE-04454727D617}.Release|Any CPU.ActiveCfg = Release|Any CPU
		{6E5956ED-5FCF-415A-BCAE-04454727D617}.Release|Any CPU.Build.0 = Release|Any CPU
	EndGlobalSection
	GlobalSection(SolutionProperties) = preSolution
		HideSolutionNode = FALSE
	EndGlobalSection
	GlobalSection(ExtensibilityGlobals) = postSolution
		SolutionGuid = {4D2D0CD2-0C72-43EB-81AB-E6E1EC54156D}
	EndGlobalSection
EndGlobal
