
Microsoft Visual Studio Solution File, Format Version 12.00
# Visual Studio 15
VisualStudioVersion = 15.0.28010.2048
MinimumVisualStudioVersion = 10.0.40219.1
Project("{FAE04EC0-301F-11D3-BF4B-00C04F79EFBC}") = "E-Ticaret", "E-Ticaret\E-Ticaret.csproj", "{B3FADEE5-EF86-4619-AB55-1926C39DC7D3}"
EndProject
Global
	GlobalSection(SolutionConfigurationPlatforms) = preSolution
		Debug|Any CPU = Debug|Any CPU
		Release|Any CPU = Release|Any CPU
	EndGlobalSection
	GlobalSection(ProjectConfigurationPlatforms) = postSolution
		{B3FADEE5-EF86-4619-AB55-1926C39DC7D3}.Debug|Any CPU.ActiveCfg = Debug|Any CPU
		{B3FADEE5-EF86-4619-AB55-1926C39DC7D3}.Debug|Any CPU.Build.0 = Debug|Any CPU
		{B3FADEE5-EF86-4619-AB55-1926C39DC7D3}.Release|Any CPU.ActiveCfg = Release|Any CPU
		{B3FADEE5-EF86-4619-AB55-1926C39DC7D3}.Release|Any CPU.Build.0 = Release|Any CPU
	EndGlobalSection
	GlobalSection(SolutionProperties) = preSolution
		HideSolutionNode = FALSE
	EndGlobalSection
	GlobalSection(ExtensibilityGlobals) = postSolution
		SolutionGuid = {43AD3C7F-E3AA-44BB-9AE1-6F382B07E0CD}
	EndGlobalSection
EndGlobal
