
Microsoft Visual Studio Solution File, Format Version 12.00
# Visual Studio 15
VisualStudioVersion = 15.0.28010.2048
MinimumVisualStudioVersion = 10.0.40219.1
Project("{FAE04EC0-301F-11D3-BF4B-00C04F79EFBC}") = "Grup3_OOP", "Grup3_OOP\Grup3_OOP.csproj", "{1C319519-BD41-4A61-B20F-2141F2BD5F26}"
EndProject
Global
	GlobalSection(SolutionConfigurationPlatforms) = preSolution
		Debug|Any CPU = Debug|Any CPU
		Release|Any CPU = Release|Any CPU
	EndGlobalSection
	GlobalSection(ProjectConfigurationPlatforms) = postSolution
		{1C319519-BD41-4A61-B20F-2141F2BD5F26}.Debug|Any CPU.ActiveCfg = Debug|Any CPU
		{1C319519-BD41-4A61-B20F-2141F2BD5F26}.Debug|Any CPU.Build.0 = Debug|Any CPU
		{1C319519-BD41-4A61-B20F-2141F2BD5F26}.Release|Any CPU.ActiveCfg = Release|Any CPU
		{1C319519-BD41-4A61-B20F-2141F2BD5F26}.Release|Any CPU.Build.0 = Release|Any CPU
	EndGlobalSection
	GlobalSection(SolutionProperties) = preSolution
		HideSolutionNode = FALSE
	EndGlobalSection
	GlobalSection(ExtensibilityGlobals) = postSolution
		SolutionGuid = {54E60D21-AD75-4948-8D57-AF8399183D71}
	EndGlobalSection
EndGlobal
