
Microsoft Visual Studio Solution File, Format Version 12.00
# Visual Studio 15
VisualStudioVersion = 15.0.28010.2048
MinimumVisualStudioVersion = 10.0.40219.1
Project("{FAE04EC0-301F-11D3-BF4B-00C04F79EFBC}") = "Serialization", "Serialization\Serialization.csproj", "{2C843B25-83D3-45EB-A9C1-82D85BF9A636}"
EndProject
Global
	GlobalSection(SolutionConfigurationPlatforms) = preSolution
		Debug|Any CPU = Debug|Any CPU
		Release|Any CPU = Release|Any CPU
	EndGlobalSection
	GlobalSection(ProjectConfigurationPlatforms) = postSolution
		{2C843B25-83D3-45EB-A9C1-82D85BF9A636}.Debug|Any CPU.ActiveCfg = Debug|Any CPU
		{2C843B25-83D3-45EB-A9C1-82D85BF9A636}.Debug|Any CPU.Build.0 = Debug|Any CPU
		{2C843B25-83D3-45EB-A9C1-82D85BF9A636}.Release|Any CPU.ActiveCfg = Release|Any CPU
		{2C843B25-83D3-45EB-A9C1-82D85BF9A636}.Release|Any CPU.Build.0 = Release|Any CPU
	EndGlobalSection
	GlobalSection(SolutionProperties) = preSolution
		HideSolutionNode = FALSE
	EndGlobalSection
	GlobalSection(ExtensibilityGlobals) = postSolution
		SolutionGuid = {F954E2CD-7746-4E03-8826-F72CEC6FB516}
	EndGlobalSection
EndGlobal
