
Microsoft Visual Studio Solution File, Format Version 12.00
# Visual Studio 15
VisualStudioVersion = 15.0.28307.106
MinimumVisualStudioVersion = 10.0.40219.1
Project("{FAE04EC0-301F-11D3-BF4B-00C04F79EFBC}") = "Proje 1", "ConsoleApp13\Proje 1.csproj", "{BD86D870-7116-46B8-8AF7-12645DF71EB2}"
EndProject
Project("{FAE04EC0-301F-11D3-BF4B-00C04F79EFBC}") = "LinqOrnekleri_VeriKaynagi", "VeriKaynağı\LinqOrnekleri_VeriKaynagi.csproj", "{58906B1A-0B6E-4F5F-8A41-8525D7BA3193}"
EndProject
Project("{FAE04EC0-301F-11D3-BF4B-00C04F79EFBC}") = "Proje-2", "Proje-2\Proje-2.csproj", "{4EDC087B-4A0A-4A49-AF4C-8EF9D359679D}"
EndProject
Project("{FAE04EC0-301F-11D3-BF4B-00C04F79EFBC}") = "Proje-3", "Proje-3\Proje-3.csproj", "{3F3BC858-A264-4B87-9DE4-94D00BF4BB7F}"
EndProject
Project("{FAE04EC0-301F-11D3-BF4B-00C04F79EFBC}") = "Proje-4", "Proje-4\Proje-4.csproj", "{B575D542-4981-4C8E-8F8E-D2C177A34CB1}"
EndProject
Project("{FAE04EC0-301F-11D3-BF4B-00C04F79EFBC}") = "Proje-5", "Proje-5\Proje-5.csproj", "{EBC44586-437A-418C-B086-F3D3CEED3FD5}"
EndProject
Project("{FAE04EC0-301F-11D3-BF4B-00C04F79EFBC}") = "Proje-6", "Proje-6\Proje-6.csproj", "{4EDB1098-2E34-4841-B965-F6DB70D608D6}"
EndProject
Project("{FAE04EC0-301F-11D3-BF4B-00C04F79EFBC}") = "Proje-7", "Proje-7\Proje-7.csproj", "{9A3A95CA-6BBC-4C0B-9269-FC48E0C5BFD3}"
EndProject
Global
	GlobalSection(SolutionConfigurationPlatforms) = preSolution
		Debug|Any CPU = Debug|Any CPU
		Release|Any CPU = Release|Any CPU
	EndGlobalSection
	GlobalSection(ProjectConfigurationPlatforms) = postSolution
		{BD86D870-7116-46B8-8AF7-12645DF71EB2}.Debug|Any CPU.ActiveCfg = Debug|Any CPU
		{BD86D870-7116-46B8-8AF7-12645DF71EB2}.Debug|Any CPU.Build.0 = Debug|Any CPU
		{BD86D870-7116-46B8-8AF7-12645DF71EB2}.Release|Any CPU.ActiveCfg = Release|Any CPU
		{BD86D870-7116-46B8-8AF7-12645DF71EB2}.Release|Any CPU.Build.0 = Release|Any CPU
		{58906B1A-0B6E-4F5F-8A41-8525D7BA3193}.Debug|Any CPU.ActiveCfg = Debug|Any CPU
		{58906B1A-0B6E-4F5F-8A41-8525D7BA3193}.Debug|Any CPU.Build.0 = Debug|Any CPU
		{58906B1A-0B6E-4F5F-8A41-8525D7BA3193}.Release|Any CPU.ActiveCfg = Release|Any CPU
		{58906B1A-0B6E-4F5F-8A41-8525D7BA3193}.Release|Any CPU.Build.0 = Release|Any CPU
		{4EDC087B-4A0A-4A49-AF4C-8EF9D359679D}.Debug|Any CPU.ActiveCfg = Debug|Any CPU
		{4EDC087B-4A0A-4A49-AF4C-8EF9D359679D}.Debug|Any CPU.Build.0 = Debug|Any CPU
		{4EDC087B-4A0A-4A49-AF4C-8EF9D359679D}.Release|Any CPU.ActiveCfg = Release|Any CPU
		{4EDC087B-4A0A-4A49-AF4C-8EF9D359679D}.Release|Any CPU.Build.0 = Release|Any CPU
		{3F3BC858-A264-4B87-9DE4-94D00BF4BB7F}.Debug|Any CPU.ActiveCfg = Debug|Any CPU
		{3F3BC858-A264-4B87-9DE4-94D00BF4BB7F}.Debug|Any CPU.Build.0 = Debug|Any CPU
		{3F3BC858-A264-4B87-9DE4-94D00BF4BB7F}.Release|Any CPU.ActiveCfg = Release|Any CPU
		{3F3BC858-A264-4B87-9DE4-94D00BF4BB7F}.Release|Any CPU.Build.0 = Release|Any CPU
		{B575D542-4981-4C8E-8F8E-D2C177A34CB1}.Debug|Any CPU.ActiveCfg = Debug|Any CPU
		{B575D542-4981-4C8E-8F8E-D2C177A34CB1}.Debug|Any CPU.Build.0 = Debug|Any CPU
		{B575D542-4981-4C8E-8F8E-D2C177A34CB1}.Release|Any CPU.ActiveCfg = Release|Any CPU
		{B575D542-4981-4C8E-8F8E-D2C177A34CB1}.Release|Any CPU.Build.0 = Release|Any CPU
		{EBC44586-437A-418C-B086-F3D3CEED3FD5}.Debug|Any CPU.ActiveCfg = Debug|Any CPU
		{EBC44586-437A-418C-B086-F3D3CEED3FD5}.Debug|Any CPU.Build.0 = Debug|Any CPU
		{EBC44586-437A-418C-B086-F3D3CEED3FD5}.Release|Any CPU.ActiveCfg = Release|Any CPU
		{EBC44586-437A-418C-B086-F3D3CEED3FD5}.Release|Any CPU.Build.0 = Release|Any CPU
		{4EDB1098-2E34-4841-B965-F6DB70D608D6}.Debug|Any CPU.ActiveCfg = Debug|Any CPU
		{4EDB1098-2E34-4841-B965-F6DB70D608D6}.Debug|Any CPU.Build.0 = Debug|Any CPU
		{4EDB1098-2E34-4841-B965-F6DB70D608D6}.Release|Any CPU.ActiveCfg = Release|Any CPU
		{4EDB1098-2E34-4841-B965-F6DB70D608D6}.Release|Any CPU.Build.0 = Release|Any CPU
		{9A3A95CA-6BBC-4C0B-9269-FC48E0C5BFD3}.Debug|Any CPU.ActiveCfg = Debug|Any CPU
		{9A3A95CA-6BBC-4C0B-9269-FC48E0C5BFD3}.Debug|Any CPU.Build.0 = Debug|Any CPU
		{9A3A95CA-6BBC-4C0B-9269-FC48E0C5BFD3}.Release|Any CPU.ActiveCfg = Release|Any CPU
		{9A3A95CA-6BBC-4C0B-9269-FC48E0C5BFD3}.Release|Any CPU.Build.0 = Release|Any CPU
	EndGlobalSection
	GlobalSection(SolutionProperties) = preSolution
		HideSolutionNode = FALSE
	EndGlobalSection
	GlobalSection(ExtensibilityGlobals) = postSolution
		SolutionGuid = {1C7F379F-6CC7-481E-9632-54F1D8FBE04A}
	EndGlobalSection
EndGlobal
