
Microsoft Visual Studio Solution File, Format Version 12.00
# Visual Studio 15
VisualStudioVersion = 15.0.28010.2048
MinimumVisualStudioVersion = 10.0.40219.1
Project("{FAE04EC0-301F-11D3-BF4B-00C04F79EFBC}") = "FormApp", "FormApp\FormApp.csproj", "{9438787B-96E4-4636-8E1A-82750EEAD6D2}"
EndProject
Global
	GlobalSection(SolutionConfigurationPlatforms) = preSolution
		Debug|Any CPU = Debug|Any CPU
		Release|Any CPU = Release|Any CPU
	EndGlobalSection
	GlobalSection(ProjectConfigurationPlatforms) = postSolution
		{9438787B-96E4-4636-8E1A-82750EEAD6D2}.Debug|Any CPU.ActiveCfg = Debug|Any CPU
		{9438787B-96E4-4636-8E1A-82750EEAD6D2}.Debug|Any CPU.Build.0 = Debug|Any CPU
		{9438787B-96E4-4636-8E1A-82750EEAD6D2}.Release|Any CPU.ActiveCfg = Release|Any CPU
		{9438787B-96E4-4636-8E1A-82750EEAD6D2}.Release|Any CPU.Build.0 = Release|Any CPU
	EndGlobalSection
	GlobalSection(SolutionProperties) = preSolution
		HideSolutionNode = FALSE
	EndGlobalSection
	GlobalSection(ExtensibilityGlobals) = postSolution
		SolutionGuid = {0B28A794-117E-4436-A9AC-9B8E7AFF255B}
	EndGlobalSection
EndGlobal
