
Microsoft Visual Studio Solution File, Format Version 12.00
# Visual Studio 15
VisualStudioVersion = 15.0.28010.2050
MinimumVisualStudioVersion = 10.0.40219.1
Project("{FAE04EC0-301F-11D3-BF4B-00C04F79EFBC}") = "Hafta2Gun1", "Hafta2Gun1\Hafta2Gun1.csproj", "{D43357A3-30F6-441A-83EB-CC13C94E0442}"
EndProject
Global
	GlobalSection(SolutionConfigurationPlatforms) = preSolution
		Debug|Any CPU = Debug|Any CPU
		Release|Any CPU = Release|Any CPU
	EndGlobalSection
	GlobalSection(ProjectConfigurationPlatforms) = postSolution
		{D43357A3-30F6-441A-83EB-CC13C94E0442}.Debug|Any CPU.ActiveCfg = Debug|Any CPU
		{D43357A3-30F6-441A-83EB-CC13C94E0442}.Debug|Any CPU.Build.0 = Debug|Any CPU
		{D43357A3-30F6-441A-83EB-CC13C94E0442}.Release|Any CPU.ActiveCfg = Release|Any CPU
		{D43357A3-30F6-441A-83EB-CC13C94E0442}.Release|Any CPU.Build.0 = Release|Any CPU
	EndGlobalSection
	GlobalSection(SolutionProperties) = preSolution
		HideSolutionNode = FALSE
	EndGlobalSection
	GlobalSection(ExtensibilityGlobals) = postSolution
		SolutionGuid = {117AFD43-0007-423F-B983-A9D096EED477}
	EndGlobalSection
EndGlobal
