
Microsoft Visual Studio Solution File, Format Version 12.00
# Visual Studio 15
VisualStudioVersion = 15.0.28010.2050
MinimumVisualStudioVersion = 10.0.40219.1
Project("{FAE04EC0-301F-11D3-BF4B-00C04F79EFBC}") = "Hafta2Gun2Part1", "Hafta2Gun2\Hafta2Gun2Part1.csproj", "{9DAB4924-E6C0-4DFC-B5D8-351D1DB6098E}"
EndProject
Project("{FAE04EC0-301F-11D3-BF4B-00C04F79EFBC}") = "Hafta2Gun2Part2", "Hafta2Gun2Part2\Hafta2Gun2Part2.csproj", "{919FF3DB-7F16-44AA-8265-1D078F2D804A}"
EndProject
Project("{FAE04EC0-301F-11D3-BF4B-00C04F79EFBC}") = "Hafta2Gun2Part3", "Hafta2Gun2Part3\Hafta2Gun2Part3.csproj", "{C65D8DB0-5987-4629-8F0A-7E11E8CB7B95}"
EndProject
Global
	GlobalSection(SolutionConfigurationPlatforms) = preSolution
		Debug|Any CPU = Debug|Any CPU
		Release|Any CPU = Release|Any CPU
	EndGlobalSection
	GlobalSection(ProjectConfigurationPlatforms) = postSolution
		{9DAB4924-E6C0-4DFC-B5D8-351D1DB6098E}.Debug|Any CPU.ActiveCfg = Debug|Any CPU
		{9DAB4924-E6C0-4DFC-B5D8-351D1DB6098E}.Debug|Any CPU.Build.0 = Debug|Any CPU
		{9DAB4924-E6C0-4DFC-B5D8-351D1DB6098E}.Release|Any CPU.ActiveCfg = Release|Any CPU
		{9DAB4924-E6C0-4DFC-B5D8-351D1DB6098E}.Release|Any CPU.Build.0 = Release|Any CPU
		{919FF3DB-7F16-44AA-8265-1D078F2D804A}.Debug|Any CPU.ActiveCfg = Debug|Any CPU
		{919FF3DB-7F16-44AA-8265-1D078F2D804A}.Debug|Any CPU.Build.0 = Debug|Any CPU
		{919FF3DB-7F16-44AA-8265-1D078F2D804A}.Release|Any CPU.ActiveCfg = Release|Any CPU
		{919FF3DB-7F16-44AA-8265-1D078F2D804A}.Release|Any CPU.Build.0 = Release|Any CPU
		{C65D8DB0-5987-4629-8F0A-7E11E8CB7B95}.Debug|Any CPU.ActiveCfg = Debug|Any CPU
		{C65D8DB0-5987-4629-8F0A-7E11E8CB7B95}.Debug|Any CPU.Build.0 = Debug|Any CPU
		{C65D8DB0-5987-4629-8F0A-7E11E8CB7B95}.Release|Any CPU.ActiveCfg = Release|Any CPU
		{C65D8DB0-5987-4629-8F0A-7E11E8CB7B95}.Release|Any CPU.Build.0 = Release|Any CPU
	EndGlobalSection
	GlobalSection(SolutionProperties) = preSolution
		HideSolutionNode = FALSE
	EndGlobalSection
	GlobalSection(ExtensibilityGlobals) = postSolution
		SolutionGuid = {3895E416-A90B-42EA-892C-984F51521D02}
	EndGlobalSection
EndGlobal
