
Microsoft Visual Studio Solution File, Format Version 12.00
# Visual Studio 15
VisualStudioVersion = 15.0.28010.2050
MinimumVisualStudioVersion = 10.0.40219.1
Project("{FAE04EC0-301F-11D3-BF4B-00C04F79EFBC}") = "MultiDimentionalArray", "MultiDimentionalArray\MultiDimentionalArray.csproj", "{D679DA3D-162B-445C-8A0B-ADD4723292E6}"
EndProject
Global
	GlobalSection(SolutionConfigurationPlatforms) = preSolution
		Debug|Any CPU = Debug|Any CPU
		Release|Any CPU = Release|Any CPU
	EndGlobalSection
	GlobalSection(ProjectConfigurationPlatforms) = postSolution
		{D679DA3D-162B-445C-8A0B-ADD4723292E6}.Debug|Any CPU.ActiveCfg = Debug|Any CPU
		{D679DA3D-162B-445C-8A0B-ADD4723292E6}.Debug|Any CPU.Build.0 = Debug|Any CPU
		{D679DA3D-162B-445C-8A0B-ADD4723292E6}.Release|Any CPU.ActiveCfg = Release|Any CPU
		{D679DA3D-162B-445C-8A0B-ADD4723292E6}.Release|Any CPU.Build.0 = Release|Any CPU
	EndGlobalSection
	GlobalSection(SolutionProperties) = preSolution
		HideSolutionNode = FALSE
	EndGlobalSection
	GlobalSection(ExtensibilityGlobals) = postSolution
		SolutionGuid = {C6FB03A2-6D0C-477C-82F4-04E3A1DBDDDE}
	EndGlobalSection
EndGlobal
