
Microsoft Visual Studio Solution File, Format Version 12.00
# Visual Studio 15
VisualStudioVersion = 15.0.28010.2036
MinimumVisualStudioVersion = 10.0.40219.1
Project("{FAE04EC0-301F-11D3-BF4B-00C04F79EFBC}") = "KelimeOyunu", "KelimeOyunu\KelimeOyunu.csproj", "{2D867E6B-CDA7-4A04-BE96-9F1B16162DFF}"
EndProject
Global
	GlobalSection(SolutionConfigurationPlatforms) = preSolution
		Debug|Any CPU = Debug|Any CPU
		Release|Any CPU = Release|Any CPU
	EndGlobalSection
	GlobalSection(ProjectConfigurationPlatforms) = postSolution
		{2D867E6B-CDA7-4A04-BE96-9F1B16162DFF}.Debug|Any CPU.ActiveCfg = Debug|Any CPU
		{2D867E6B-CDA7-4A04-BE96-9F1B16162DFF}.Debug|Any CPU.Build.0 = Debug|Any CPU
		{2D867E6B-CDA7-4A04-BE96-9F1B16162DFF}.Release|Any CPU.ActiveCfg = Release|Any CPU
		{2D867E6B-CDA7-4A04-BE96-9F1B16162DFF}.Release|Any CPU.Build.0 = Release|Any CPU
	EndGlobalSection
	GlobalSection(SolutionProperties) = preSolution
		HideSolutionNode = FALSE
	EndGlobalSection
	GlobalSection(ExtensibilityGlobals) = postSolution
		SolutionGuid = {5D0E4ACC-4AEF-4001-8EEB-1FD9EE947C9F}
	EndGlobalSection
EndGlobal
