
Microsoft Visual Studio Solution File, Format Version 12.00
# Visual Studio 15
VisualStudioVersion = 15.0.28010.2048
MinimumVisualStudioVersion = 10.0.40219.1
Project("{FAE04EC0-301F-11D3-BF4B-00C04F79EFBC}") = "Linq_Donusum", "Linq_Donusum\Linq_Donusum.csproj", "{3B8CE799-E6F0-47D9-8D4A-7762E27AEF81}"
EndProject
Project("{FAE04EC0-301F-11D3-BF4B-00C04F79EFBC}") = "LinqOrnekleri_VeriKaynagi", "LinqOrnekleri_VeriKaynagi\LinqOrnekleri_VeriKaynagi.csproj", "{1D0FAE0E-9410-4580-9801-DC4F295A8234}"
EndProject
Project("{FAE04EC0-301F-11D3-BF4B-00C04F79EFBC}") = "Tolist", "Tolist\Tolist.csproj", "{9F5BE860-7990-4435-A6BD-066B401146E2}"
EndProject
Project("{FAE04EC0-301F-11D3-BF4B-00C04F79EFBC}") = "ToDictionary", "ToDictionary\ToDictionary.csproj", "{4D205A6E-3B90-478B-B4CD-929D2EA3864F}"
EndProject
Project("{FAE04EC0-301F-11D3-BF4B-00C04F79EFBC}") = "OffType", "OffType\OffType.csproj", "{D6348180-6695-40DF-B099-9E0369E3437D}"
EndProject
Global
	GlobalSection(SolutionConfigurationPlatforms) = preSolution
		Debug|Any CPU = Debug|Any CPU
		Release|Any CPU = Release|Any CPU
	EndGlobalSection
	GlobalSection(ProjectConfigurationPlatforms) = postSolution
		{3B8CE799-E6F0-47D9-8D4A-7762E27AEF81}.Debug|Any CPU.ActiveCfg = Debug|Any CPU
		{3B8CE799-E6F0-47D9-8D4A-7762E27AEF81}.Debug|Any CPU.Build.0 = Debug|Any CPU
		{3B8CE799-E6F0-47D9-8D4A-7762E27AEF81}.Release|Any CPU.ActiveCfg = Release|Any CPU
		{3B8CE799-E6F0-47D9-8D4A-7762E27AEF81}.Release|Any CPU.Build.0 = Release|Any CPU
		{1D0FAE0E-9410-4580-9801-DC4F295A8234}.Debug|Any CPU.ActiveCfg = Debug|Any CPU
		{1D0FAE0E-9410-4580-9801-DC4F295A8234}.Debug|Any CPU.Build.0 = Debug|Any CPU
		{1D0FAE0E-9410-4580-9801-DC4F295A8234}.Release|Any CPU.ActiveCfg = Release|Any CPU
		{1D0FAE0E-9410-4580-9801-DC4F295A8234}.Release|Any CPU.Build.0 = Release|Any CPU
		{9F5BE860-7990-4435-A6BD-066B401146E2}.Debug|Any CPU.ActiveCfg = Debug|Any CPU
		{9F5BE860-7990-4435-A6BD-066B401146E2}.Debug|Any CPU.Build.0 = Debug|Any CPU
		{9F5BE860-7990-4435-A6BD-066B401146E2}.Release|Any CPU.ActiveCfg = Release|Any CPU
		{9F5BE860-7990-4435-A6BD-066B401146E2}.Release|Any CPU.Build.0 = Release|Any CPU
		{4D205A6E-3B90-478B-B4CD-929D2EA3864F}.Debug|Any CPU.ActiveCfg = Debug|Any CPU
		{4D205A6E-3B90-478B-B4CD-929D2EA3864F}.Debug|Any CPU.Build.0 = Debug|Any CPU
		{4D205A6E-3B90-478B-B4CD-929D2EA3864F}.Release|Any CPU.ActiveCfg = Release|Any CPU
		{4D205A6E-3B90-478B-B4CD-929D2EA3864F}.Release|Any CPU.Build.0 = Release|Any CPU
		{D6348180-6695-40DF-B099-9E0369E3437D}.Debug|Any CPU.ActiveCfg = Debug|Any CPU
		{D6348180-6695-40DF-B099-9E0369E3437D}.Debug|Any CPU.Build.0 = Debug|Any CPU
		{D6348180-6695-40DF-B099-9E0369E3437D}.Release|Any CPU.ActiveCfg = Release|Any CPU
		{D6348180-6695-40DF-B099-9E0369E3437D}.Release|Any CPU.Build.0 = Release|Any CPU
	EndGlobalSection
	GlobalSection(SolutionProperties) = preSolution
		HideSolutionNode = FALSE
	EndGlobalSection
	GlobalSection(ExtensibilityGlobals) = postSolution
		SolutionGuid = {AEDEDDC6-46F7-43F4-80D3-62C2DF579588}
	EndGlobalSection
EndGlobal
