
Microsoft Visual Studio Solution File, Format Version 12.00
# Visual Studio 15
VisualStudioVersion = 15.0.28010.2048
MinimumVisualStudioVersion = 10.0.40219.1
Project("{FAE04EC0-301F-11D3-BF4B-00C04F79EFBC}") = "Web_JS", "Web_JS\Web_JS.csproj", "{586EEB61-9DA4-4570-99F5-C9C2379102EF}"
EndProject
Global
	GlobalSection(SolutionConfigurationPlatforms) = preSolution
		Debug|Any CPU = Debug|Any CPU
		Release|Any CPU = Release|Any CPU
	EndGlobalSection
	GlobalSection(ProjectConfigurationPlatforms) = postSolution
		{586EEB61-9DA4-4570-99F5-C9C2379102EF}.Debug|Any CPU.ActiveCfg = Debug|Any CPU
		{586EEB61-9DA4-4570-99F5-C9C2379102EF}.Debug|Any CPU.Build.0 = Debug|Any CPU
		{586EEB61-9DA4-4570-99F5-C9C2379102EF}.Release|Any CPU.ActiveCfg = Release|Any CPU
		{586EEB61-9DA4-4570-99F5-C9C2379102EF}.Release|Any CPU.Build.0 = Release|Any CPU
	EndGlobalSection
	GlobalSection(SolutionProperties) = preSolution
		HideSolutionNode = FALSE
	EndGlobalSection
	GlobalSection(ExtensibilityGlobals) = postSolution
		SolutionGuid = {EAB30FDF-005F-4A91-8AB6-0298F71A281C}
	EndGlobalSection
EndGlobal
