
Microsoft Visual Studio Solution File, Format Version 12.00
# Visual Studio 15
VisualStudioVersion = 15.0.28010.2048
MinimumVisualStudioVersion = 10.0.40219.1
Project("{FAE04EC0-301F-11D3-BF4B-00C04F79EFBC}") = "Hafta2Gun4", "Hafta2Gun4\Hafta2Gun4.csproj", "{22C06525-1AFB-4540-9159-BD5837C9563F}"
EndProject
Project("{FAE04EC0-301F-11D3-BF4B-00C04F79EFBC}") = "Hafta2Gun4Part2", "Hafta2Gun4Part2\Hafta2Gun4Part2.csproj", "{0455AA58-B5EA-4405-94CC-DF0E650207D2}"
EndProject
Project("{FAE04EC0-301F-11D3-BF4B-00C04F79EFBC}") = "Hafta2Gun4Part3", "Hafta2Gun4Part3\Hafta2Gun4Part3.csproj", "{FD5F8C82-7448-4ED4-8960-79EC6A0B37DD}"
EndProject
Project("{FAE04EC0-301F-11D3-BF4B-00C04F79EFBC}") = "Hafta2Gun4Part4", "Hafta2Gun4Part4\Hafta2Gun4Part4.csproj", "{67C240B5-97B6-4D1A-BDF1-EF6234A0CB7F}"
EndProject
Global
	GlobalSection(SolutionConfigurationPlatforms) = preSolution
		Debug|Any CPU = Debug|Any CPU
		Release|Any CPU = Release|Any CPU
	EndGlobalSection
	GlobalSection(ProjectConfigurationPlatforms) = postSolution
		{22C06525-1AFB-4540-9159-BD5837C9563F}.Debug|Any CPU.ActiveCfg = Debug|Any CPU
		{22C06525-1AFB-4540-9159-BD5837C9563F}.Debug|Any CPU.Build.0 = Debug|Any CPU
		{22C06525-1AFB-4540-9159-BD5837C9563F}.Release|Any CPU.ActiveCfg = Release|Any CPU
		{22C06525-1AFB-4540-9159-BD5837C9563F}.Release|Any CPU.Build.0 = Release|Any CPU
		{0455AA58-B5EA-4405-94CC-DF0E650207D2}.Debug|Any CPU.ActiveCfg = Debug|Any CPU
		{0455AA58-B5EA-4405-94CC-DF0E650207D2}.Debug|Any CPU.Build.0 = Debug|Any CPU
		{0455AA58-B5EA-4405-94CC-DF0E650207D2}.Release|Any CPU.ActiveCfg = Release|Any CPU
		{0455AA58-B5EA-4405-94CC-DF0E650207D2}.Release|Any CPU.Build.0 = Release|Any CPU
		{FD5F8C82-7448-4ED4-8960-79EC6A0B37DD}.Debug|Any CPU.ActiveCfg = Debug|Any CPU
		{FD5F8C82-7448-4ED4-8960-79EC6A0B37DD}.Debug|Any CPU.Build.0 = Debug|Any CPU
		{FD5F8C82-7448-4ED4-8960-79EC6A0B37DD}.Release|Any CPU.ActiveCfg = Release|Any CPU
		{FD5F8C82-7448-4ED4-8960-79EC6A0B37DD}.Release|Any CPU.Build.0 = Release|Any CPU
		{67C240B5-97B6-4D1A-BDF1-EF6234A0CB7F}.Debug|Any CPU.ActiveCfg = Debug|Any CPU
		{67C240B5-97B6-4D1A-BDF1-EF6234A0CB7F}.Debug|Any CPU.Build.0 = Debug|Any CPU
		{67C240B5-97B6-4D1A-BDF1-EF6234A0CB7F}.Release|Any CPU.ActiveCfg = Release|Any CPU
		{67C240B5-97B6-4D1A-BDF1-EF6234A0CB7F}.Release|Any CPU.Build.0 = Release|Any CPU
	EndGlobalSection
	GlobalSection(SolutionProperties) = preSolution
		HideSolutionNode = FALSE
	EndGlobalSection
	GlobalSection(ExtensibilityGlobals) = postSolution
		SolutionGuid = {B5998035-FBC6-47CF-8053-6FB76DA30371}
	EndGlobalSection
EndGlobal
