
Microsoft Visual Studio Solution File, Format Version 12.00
# Visual Studio 15
VisualStudioVersion = 15.0.28010.2048
MinimumVisualStudioVersion = 10.0.40219.1
Project("{FAE04EC0-301F-11D3-BF4B-00C04F79EFBC}") = "Hafta3Gun1", "Hafta3Gun1\Hafta3Gun1.csproj", "{A60DF26F-177E-4A73-97A3-1E663BA0075F}"
EndProject
Project("{FAE04EC0-301F-11D3-BF4B-00C04F79EFBC}") = "Hafta3Gun1Part2", "Hafta3Gun1Part2\Hafta3Gun1Part2.csproj", "{1C1A786C-B574-43C2-991E-7F3596D85E41}"
EndProject
Global
	GlobalSection(SolutionConfigurationPlatforms) = preSolution
		Debug|Any CPU = Debug|Any CPU
		Release|Any CPU = Release|Any CPU
	EndGlobalSection
	GlobalSection(ProjectConfigurationPlatforms) = postSolution
		{A60DF26F-177E-4A73-97A3-1E663BA0075F}.Debug|Any CPU.ActiveCfg = Debug|Any CPU
		{A60DF26F-177E-4A73-97A3-1E663BA0075F}.Debug|Any CPU.Build.0 = Debug|Any CPU
		{A60DF26F-177E-4A73-97A3-1E663BA0075F}.Release|Any CPU.ActiveCfg = Release|Any CPU
		{A60DF26F-177E-4A73-97A3-1E663BA0075F}.Release|Any CPU.Build.0 = Release|Any CPU
		{1C1A786C-B574-43C2-991E-7F3596D85E41}.Debug|Any CPU.ActiveCfg = Debug|Any CPU
		{1C1A786C-B574-43C2-991E-7F3596D85E41}.Debug|Any CPU.Build.0 = Debug|Any CPU
		{1C1A786C-B574-43C2-991E-7F3596D85E41}.Release|Any CPU.ActiveCfg = Release|Any CPU
		{1C1A786C-B574-43C2-991E-7F3596D85E41}.Release|Any CPU.Build.0 = Release|Any CPU
	EndGlobalSection
	GlobalSection(SolutionProperties) = preSolution
		HideSolutionNode = FALSE
	EndGlobalSection
	GlobalSection(ExtensibilityGlobals) = postSolution
		SolutionGuid = {D86F5638-0D3F-4EA0-9D56-D5F901203A04}
	EndGlobalSection
EndGlobal
