
Microsoft Visual Studio Solution File, Format Version 12.00
# Visual Studio 15
VisualStudioVersion = 15.0.28010.2048
MinimumVisualStudioVersion = 10.0.40219.1
Project("{FAE04EC0-301F-11D3-BF4B-00C04F79EFBC}") = "WindowsFormsApp1", "WindowsFormsApp1\WindowsFormsApp1.csproj", "{22094198-92DA-438A-9CF0-255DF57C15E7}"
EndProject
Global
	GlobalSection(SolutionConfigurationPlatforms) = preSolution
		Debug|Any CPU = Debug|Any CPU
		Release|Any CPU = Release|Any CPU
	EndGlobalSection
	GlobalSection(ProjectConfigurationPlatforms) = postSolution
		{22094198-92DA-438A-9CF0-255DF57C15E7}.Debug|Any CPU.ActiveCfg = Debug|Any CPU
		{22094198-92DA-438A-9CF0-255DF57C15E7}.Debug|Any CPU.Build.0 = Debug|Any CPU
		{22094198-92DA-438A-9CF0-255DF57C15E7}.Release|Any CPU.ActiveCfg = Release|Any CPU
		{22094198-92DA-438A-9CF0-255DF57C15E7}.Release|Any CPU.Build.0 = Release|Any CPU
	EndGlobalSection
	GlobalSection(SolutionProperties) = preSolution
		HideSolutionNode = FALSE
	EndGlobalSection
	GlobalSection(ExtensibilityGlobals) = postSolution
		SolutionGuid = {4256EA97-C581-46EE-8AE8-93178119B3C8}
	EndGlobalSection
EndGlobal
